
Microsoft Visual Studio Solution File, Format Version 12.00
Project("{FAE04EC0-301F-11D3-BF4B-00C04F79EFBC}") = "MyLisp", "MyLisp\MyLisp.csproj", "{8C9EF5E7-53B3-4FB4-BAA8-CE88A4C8D381}"
EndProject
Global
	GlobalSection(SolutionConfigurationPlatforms) = preSolution
		Debug|Any CPU = Debug|Any CPU
		Release|Any CPU = Release|Any CPU
	EndGlobalSection
	GlobalSection(ProjectConfigurationPlatforms) = postSolution
		{8C9EF5E7-53B3-4FB4-BAA8-CE88A4C8D381}.Debug|Any CPU.ActiveCfg = Debug|Any CPU
		{8C9EF5E7-53B3-4FB4-BAA8-CE88A4C8D381}.Debug|Any CPU.Build.0 = Debug|Any CPU
		{8C9EF5E7-53B3-4FB4-BAA8-CE88A4C8D381}.Release|Any CPU.ActiveCfg = Release|Any CPU
		{8C9EF5E7-53B3-4FB4-BAA8-CE88A4C8D381}.Release|Any CPU.Build.0 = Release|Any CPU
	EndGlobalSection
EndGlobal
